{
  "pins" : [
    {
      "identity" : "daouangle",
      "kind" : "remoteSourceControl",
      "location" : "https://github.com/DaouMobile/DaouAngle",
      "state" : {
        "revision" : "456cda161a53d246614839dd846713903e99bcab",
        "version" : "1.0.0"
      }
    },
    {
      "identity" : "daougeometry2d",
      "kind" : "remoteSourceControl",
      "location" : "https://github.com/DaouMobile/DaouGeometry2D",
      "state" : {
        "revision" : "a9e899a8b8fc209551f57a2a706177e4bc5287b8",
        "version" : "1.0.0"
      }
    },
    {
      "identity" : "rxgesture",
      "kind" : "remoteSourceControl",
      "location" : "https://github.com/RxSwiftCommunity/RxGesture",
      "state" : {
        "revision" : "54af729415f65f9cf2ed03063a3fb9b095a2f0ed",
        "version" : "4.0.1"
      }
    },
    {
      "identity" : "rxswift",
      "kind" : "remoteSourceControl",
      "location" : "https://github.com/ReactiveX/RxSwift",
      "state" : {
        "revision" : "7c17a6ccca06b5c107cfa4284e634562ddaf5951",
        "version" : "6.2.0"
      }
    },
    {
      "identity" : "snapkit",
      "kind" : "remoteSourceControl",
      "location" : "https://github.com/SnapKit/SnapKit",
      "state" : {
        "revision" : "328b53b7e3d3d0f32d03adaf7c84297a7310cdf5",
        "version" : "5.0.0"
      }
    }
  ],
  "version" : 2
}
