{
  "pins" : [
    {
      "identity" : "daouangle",
      "kind" : "remoteSourceControl",
      "location" : "https://github.com/DaouMobile/DaouAngle",
      "state" : {
        "revision" : "456cda161a53d246614839dd846713903e99bcab",
        "version" : "1.0.0"
      }
    },
    {
      "identity" : "daougeometry2d",
      "kind" : "remoteSourceControl",
      "location" : "https://github.com/DaouMobile/DaouGeometry2D",
      "state" : {
        "revision" : "a9e899a8b8fc209551f57a2a706177e4bc5287b8",
        "version" : "1.0.0"
      }
    }
  ],
  "version" : 2
}
